PODS:
  - Alamofire (3.3.1)
  - Cartography (0.6.0)
  - InAppSettingsKit (2.8)
  - MBProgressHUD (1.0.0)
  - SwiftyDropbox (3.2.0):
    - Alamofire (~> 3.3.1)

DEPENDENCIES:
  - Alamofire (~> 3.3.1)
  - Cartography (~> 0.6.0)
  - InAppSettingsKit (~> 2.8)
  - MBProgressHUD (~> 1.0.0)
  - SwiftyDropbox (~> 3.2.0)

SPEC CHECKSUMS:
  Alamofire: 369bc67b6f5ac33ded3648d7bd21c5bfb91c2ecc
  Cartography: 70af183a248547694a8cfaa6b989cb7e04589985
  InAppSettingsKit: fe3e73f8f9530cdd6270065cd7df7b3773f557e6
  MBProgressHUD: 4890f671c94e8a0f3cf959aa731e9de2f036d71a
  SwiftyDropbox: fba9da0b1b72ae51edfeb1ee2a13aaef852ea6d7

PODFILE CHECKSUM: 30889710c2ed1d57442f3eac396c15855834d7d6

COCOAPODS: 1.0.1
