PODS:
  - Dropbox-iOS-SDK (1.3.13)
  - InAppSettingsKit (2.7.1)
  - MBProgressHUD (1.0.0)

DEPENDENCIES:
  - Dropbox-iOS-SDK (~> 1.3.13)
  - InAppSettingsKit (~> 2.7)
  - MBProgressHUD (~> 1.0.0)

SPEC CHECKSUMS:
  Dropbox-iOS-SDK: e0c9b08d1604b39cb78c1d0333251de0f6bdec60
  InAppSettingsKit: 2b9fcdb82cdff2f99c51cae544e9f4df0df7afbf
  MBProgressHUD: 4890f671c94e8a0f3cf959aa731e9de2f036d71a

PODFILE CHECKSUM: 22441dea13181d0a5deb6cf127a8159727692cda

COCOAPODS: 1.0.1
